
Microsoft Visual Studio Solution File, Format Version 12.00
# Visual Studio Version 17
VisualStudioVersion = 17.11.35327.3
MinimumVisualStudioVersion = 10.0.40219.1
Project("{2150E333-8FDC-42A3-9474-1A3956D46DE8}") = "Bootstrapper", "Bootstrapper", "{0439DC87-EA92-4A3C-82B1-68A3435EE952}"
EndProject
Project("{2150E333-8FDC-42A3-9474-1A3956D46DE8}") = "Modules", "Modules", "{0451F96B-B83B-4147-BF8F-2062E8DAFBC2}"
EndProject
Project("{2150E333-8FDC-42A3-9474-1A3956D46DE8}") = "Shared", "Shared", "{FF3B37A3-7831-4DBC-8CBF-F25B25874A09}"
EndProject
Project("{FAE04EC0-301F-11D3-BF4B-00C04F79EFBC}") = "API", "..\src\Bootstrapper\API\API.csproj", "{904B0035-1835-40DA-A10A-53434830D6D2}"
EndProject
Project("{2150E333-8FDC-42A3-9474-1A3956D46DE8}") = "Catalog", "Catalog", "{47AD6E0E-52E4-42DA-87C2-C85CD5B3BE8F}"
EndProject
Project("{2150E333-8FDC-42A3-9474-1A3956D46DE8}") = "Basket", "Basket", "{A0DE7C5C-CFCC-46FE-979A-910C1BE47D4A}"
EndProject
Project("{2150E333-8FDC-42A3-9474-1A3956D46DE8}") = "Ordering", "Ordering", "{87CEF407-2BC5-43FC-A644-68F60B308580}"
EndProject
Project("{FAE04EC0-301F-11D3-BF4B-00C04F79EFBC}") = "Basket", "src\Modules\Basket\Basket\Basket.csproj", "{D1A86FB6-D1D1-4132-B99F-E0D6326CC40E}"
EndProject
Project("{FAE04EC0-301F-11D3-BF4B-00C04F79EFBC}") = "Catalog", "src\Modules\Catalog\Catalog\Catalog.csproj", "{22D40452-CC75-436F-86B5-9D734EB7BE12}"
EndProject
Project("{FAE04EC0-301F-11D3-BF4B-00C04F79EFBC}") = "Ordering", "src\Modules\Ordering\Ordering\Ordering.csproj", "{8197F2F1-1CF2-446F-9860-0723B7EA52AE}"
EndProject
Project("{FAE04EC0-301F-11D3-BF4B-00C04F79EFBC}") = "Shared", "src\Shared\Shared\Shared.csproj", "{69F519CC-C73B-49E8-9C0A-2C53A2B2C876}"
EndProject
Global
	GlobalSection(SolutionConfigurationPlatforms) = preSolution
		Debug|Any CPU = Debug|Any CPU
		Release|Any CPU = Release|Any CPU
	EndGlobalSection
	GlobalSection(ProjectConfigurationPlatforms) = postSolution
		{904B0035-1835-40DA-A10A-53434830D6D2}.Debug|Any CPU.ActiveCfg = Debug|Any CPU
		{904B0035-1835-40DA-A10A-53434830D6D2}.Debug|Any CPU.Build.0 = Debug|Any CPU
		{904B0035-1835-40DA-A10A-53434830D6D2}.Release|Any CPU.ActiveCfg = Release|Any CPU
		{904B0035-1835-40DA-A10A-53434830D6D2}.Release|Any CPU.Build.0 = Release|Any CPU
		{D1A86FB6-D1D1-4132-B99F-E0D6326CC40E}.Debug|Any CPU.ActiveCfg = Debug|Any CPU
		{D1A86FB6-D1D1-4132-B99F-E0D6326CC40E}.Debug|Any CPU.Build.0 = Debug|Any CPU
		{D1A86FB6-D1D1-4132-B99F-E0D6326CC40E}.Release|Any CPU.ActiveCfg = Release|Any CPU
		{D1A86FB6-D1D1-4132-B99F-E0D6326CC40E}.Release|Any CPU.Build.0 = Release|Any CPU
		{22D40452-CC75-436F-86B5-9D734EB7BE12}.Debug|Any CPU.ActiveCfg = Debug|Any CPU
		{22D40452-CC75-436F-86B5-9D734EB7BE12}.Debug|Any CPU.Build.0 = Debug|Any CPU
		{22D40452-CC75-436F-86B5-9D734EB7BE12}.Release|Any CPU.ActiveCfg = Release|Any CPU
		{22D40452-CC75-436F-86B5-9D734EB7BE12}.Release|Any CPU.Build.0 = Release|Any CPU
		{8197F2F1-1CF2-446F-9860-0723B7EA52AE}.Debug|Any CPU.ActiveCfg = Debug|Any CPU
		{8197F2F1-1CF2-446F-9860-0723B7EA52AE}.Debug|Any CPU.Build.0 = Debug|Any CPU
		{8197F2F1-1CF2-446F-9860-0723B7EA52AE}.Release|Any CPU.ActiveCfg = Release|Any CPU
		{8197F2F1-1CF2-446F-9860-0723B7EA52AE}.Release|Any CPU.Build.0 = Release|Any CPU
		{69F519CC-C73B-49E8-9C0A-2C53A2B2C876}.Debug|Any CPU.ActiveCfg = Debug|Any CPU
		{69F519CC-C73B-49E8-9C0A-2C53A2B2C876}.Debug|Any CPU.Build.0 = Debug|Any CPU
		{69F519CC-C73B-49E8-9C0A-2C53A2B2C876}.Release|Any CPU.ActiveCfg = Release|Any CPU
		{69F519CC-C73B-49E8-9C0A-2C53A2B2C876}.Release|Any CPU.Build.0 = Release|Any CPU
	EndGlobalSection
	GlobalSection(SolutionProperties) = preSolution
		HideSolutionNode = FALSE
	EndGlobalSection
	GlobalSection(NestedProjects) = preSolution
		{904B0035-1835-40DA-A10A-53434830D6D2} = {0439DC87-EA92-4A3C-82B1-68A3435EE952}
		{47AD6E0E-52E4-42DA-87C2-C85CD5B3BE8F} = {0451F96B-B83B-4147-BF8F-2062E8DAFBC2}
		{A0DE7C5C-CFCC-46FE-979A-910C1BE47D4A} = {0451F96B-B83B-4147-BF8F-2062E8DAFBC2}
		{87CEF407-2BC5-43FC-A644-68F60B308580} = {0451F96B-B83B-4147-BF8F-2062E8DAFBC2}
		{D1A86FB6-D1D1-4132-B99F-E0D6326CC40E} = {A0DE7C5C-CFCC-46FE-979A-910C1BE47D4A}
		{22D40452-CC75-436F-86B5-9D734EB7BE12} = {47AD6E0E-52E4-42DA-87C2-C85CD5B3BE8F}
		{8197F2F1-1CF2-446F-9860-0723B7EA52AE} = {87CEF407-2BC5-43FC-A644-68F60B308580}
		{69F519CC-C73B-49E8-9C0A-2C53A2B2C876} = {FF3B37A3-7831-4DBC-8CBF-F25B25874A09}
	EndGlobalSection
	GlobalSection(ExtensibilityGlobals) = postSolution
		SolutionGuid = {D0C63DAA-4119-47E6-A143-507363F5FEED}
	EndGlobalSection
EndGlobal
